{
  "name": "donelayer-reputation-test-and-fix-fixture",
  "version": "1.0.0",
  "lockfileVersion": 3,
  "requires": true,
  "packages": {
    "": {
      "name": "donelayer-reputation-test-and-fix-fixture",
      "version": "1.0.0",
      "engines": {
        "node": ">=22.6.0"
      }
    }
  }
}
